
Microsoft Visual Studio Solution File, Format Version 12.00
Project("{FAE04EC0-301F-11D3-BF4B-00C04F79EFBC}") = "Waves.Framework.Core", "src\Waves.Framework.Core\Waves.Framework.Core.csproj", "{588C0A6C-892B-404E-B46E-0ACDD37DA9A6}"
EndProject
Project("{FAE04EC0-301F-11D3-BF4B-00C04F79EFBC}") = "Waves.Framework.UI", "src\Waves.Framework.UI\Waves.Framework.UI.csproj", "{5F484A2D-5BDC-4DA6-B48A-C7F8FD6A617B}"
EndProject
Global
	GlobalSection(SolutionConfigurationPlatforms) = preSolution
		Debug|Any CPU = Debug|Any CPU
		Release|Any CPU = Release|Any CPU
	EndGlobalSection
	GlobalSection(ProjectConfigurationPlatforms) = postSolution
		{588C0A6C-892B-404E-B46E-0ACDD37DA9A6}.Debug|Any CPU.ActiveCfg = Debug|Any CPU
		{588C0A6C-892B-404E-B46E-0ACDD37DA9A6}.Debug|Any CPU.Build.0 = Debug|Any CPU
		{588C0A6C-892B-404E-B46E-0ACDD37DA9A6}.Release|Any CPU.ActiveCfg = Release|Any CPU
		{588C0A6C-892B-404E-B46E-0ACDD37DA9A6}.Release|Any CPU.Build.0 = Release|Any CPU
		{5F484A2D-5BDC-4DA6-B48A-C7F8FD6A617B}.Debug|Any CPU.ActiveCfg = Debug|Any CPU
		{5F484A2D-5BDC-4DA6-B48A-C7F8FD6A617B}.Debug|Any CPU.Build.0 = Debug|Any CPU
		{5F484A2D-5BDC-4DA6-B48A-C7F8FD6A617B}.Release|Any CPU.ActiveCfg = Release|Any CPU
		{5F484A2D-5BDC-4DA6-B48A-C7F8FD6A617B}.Release|Any CPU.Build.0 = Release|Any CPU
	EndGlobalSection
EndGlobal
