
Microsoft Visual Studio Solution File, Format Version 12.00
Project("{FAE04EC0-301F-11D3-BF4B-00C04F79EFBC}") = "Waves.Framework", "src\Waves.Framework\Waves.Framework.csproj", "{035D4E1B-CD76-4E3E-8B5E-D7688F084E08}"
EndProject
Project("{FAE04EC0-301F-11D3-BF4B-00C04F79EFBC}") = "Waves.Framework.Sandbox.Console", "src\Waves.Framework.Sandbox.Console\Waves.Framework.Sandbox.Console.csproj", "{AA305599-F3A6-4D2A-A7E9-7B2B0501F6E8}"
EndProject
Project("{2150E333-8FDC-42A3-9474-1A3956D46DE8}") = "Docs", "Docs", "{9F8639D3-02AE-4E48-92A5-8ABC83711EEE}"
	ProjectSection(SolutionItems) = preProject
		README.md = README.md
	EndProjectSection
EndProject
Project("{FAE04EC0-301F-11D3-BF4B-00C04F79EFBC}") = "Waves.Framework.UI", "src\Waves.Framework.UI\Waves.Framework.UI.csproj", "{51BCFACB-BBD3-4D30-B853-D882F30DCDEE}"
EndProject
Project("{2150E333-8FDC-42A3-9474-1A3956D46DE8}") = "Sandbox", "Sandbox", "{40C7D322-800E-4047-AB89-63EE887CC558}"
EndProject
Project("{FAE04EC0-301F-11D3-BF4B-00C04F79EFBC}") = "Waves.Framework.UI.Avalonia", "src\Waves.Framework.UI.Avalonia\Waves.Framework.UI.Avalonia.csproj", "{93538483-CEF3-4DC4-A5B2-6FE788ED9B23}"
EndProject
Project("{FAE04EC0-301F-11D3-BF4B-00C04F79EFBC}") = "Waves.Framework.Sandbox.Avalonia", "src\Waves.Framework.Sandbox.Avalonia\Waves.Framework.Sandbox.Avalonia\Waves.Framework.Sandbox.Avalonia.csproj", "{B489BDC4-EC18-4816-A0AF-3AB077B9427E}"
EndProject
Project("{FAE04EC0-301F-11D3-BF4B-00C04F79EFBC}") = "Waves.Framework.Sandbox.Avalonia.Android", "src\Waves.Framework.Sandbox.Avalonia\Waves.Framework.Sandbox.Avalonia.Android\Waves.Framework.Sandbox.Avalonia.Android.csproj", "{6CDFFEB5-07ED-445E-B318-47EB7DA5A7E4}"
EndProject
Project("{FAE04EC0-301F-11D3-BF4B-00C04F79EFBC}") = "Waves.Framework.Sandbox.Avalonia.Desktop", "src\Waves.Framework.Sandbox.Avalonia\Waves.Framework.Sandbox.Avalonia.Desktop\Waves.Framework.Sandbox.Avalonia.Desktop.csproj", "{2A402D17-EDC9-49C9-9599-C95FD1666703}"
EndProject
Project("{FAE04EC0-301F-11D3-BF4B-00C04F79EFBC}") = "Waves.Framework.Sandbox.Avalonia.iOS", "src\Waves.Framework.Sandbox.Avalonia\Waves.Framework.Sandbox.Avalonia.iOS\Waves.Framework.Sandbox.Avalonia.iOS.csproj", "{791905DD-2326-47DB-9819-F0A91AADBCD3}"
EndProject
Project("{FAE04EC0-301F-11D3-BF4B-00C04F79EFBC}") = "Waves.Framework.Sandbox.Avalonia.Browser", "src\Waves.Framework.Sandbox.Avalonia\Waves.Framework.Sandbox.Avalonia.Browser\Waves.Framework.Sandbox.Avalonia.Browser.csproj", "{A6BABE0B-6FC6-4BA8-A1B8-8265BDAEDCD6}"
EndProject
Global
	GlobalSection(SolutionConfigurationPlatforms) = preSolution
		Debug|Any CPU = Debug|Any CPU
		Release|Any CPU = Release|Any CPU
	EndGlobalSection
	GlobalSection(ProjectConfigurationPlatforms) = postSolution
		{035D4E1B-CD76-4E3E-8B5E-D7688F084E08}.Debug|Any CPU.ActiveCfg = Debug|Any CPU
		{035D4E1B-CD76-4E3E-8B5E-D7688F084E08}.Debug|Any CPU.Build.0 = Debug|Any CPU
		{035D4E1B-CD76-4E3E-8B5E-D7688F084E08}.Release|Any CPU.ActiveCfg = Release|Any CPU
		{035D4E1B-CD76-4E3E-8B5E-D7688F084E08}.Release|Any CPU.Build.0 = Release|Any CPU
		{AA305599-F3A6-4D2A-A7E9-7B2B0501F6E8}.Debug|Any CPU.ActiveCfg = Debug|Any CPU
		{AA305599-F3A6-4D2A-A7E9-7B2B0501F6E8}.Debug|Any CPU.Build.0 = Debug|Any CPU
		{AA305599-F3A6-4D2A-A7E9-7B2B0501F6E8}.Release|Any CPU.ActiveCfg = Release|Any CPU
		{AA305599-F3A6-4D2A-A7E9-7B2B0501F6E8}.Release|Any CPU.Build.0 = Release|Any CPU
		{51BCFACB-BBD3-4D30-B853-D882F30DCDEE}.Debug|Any CPU.ActiveCfg = Debug|Any CPU
		{51BCFACB-BBD3-4D30-B853-D882F30DCDEE}.Debug|Any CPU.Build.0 = Debug|Any CPU
		{51BCFACB-BBD3-4D30-B853-D882F30DCDEE}.Release|Any CPU.ActiveCfg = Release|Any CPU
		{51BCFACB-BBD3-4D30-B853-D882F30DCDEE}.Release|Any CPU.Build.0 = Release|Any CPU
		{93538483-CEF3-4DC4-A5B2-6FE788ED9B23}.Debug|Any CPU.ActiveCfg = Debug|Any CPU
		{93538483-CEF3-4DC4-A5B2-6FE788ED9B23}.Debug|Any CPU.Build.0 = Debug|Any CPU
		{93538483-CEF3-4DC4-A5B2-6FE788ED9B23}.Release|Any CPU.ActiveCfg = Release|Any CPU
		{93538483-CEF3-4DC4-A5B2-6FE788ED9B23}.Release|Any CPU.Build.0 = Release|Any CPU
		{B489BDC4-EC18-4816-A0AF-3AB077B9427E}.Debug|Any CPU.ActiveCfg = Debug|Any CPU
		{B489BDC4-EC18-4816-A0AF-3AB077B9427E}.Debug|Any CPU.Build.0 = Debug|Any CPU
		{B489BDC4-EC18-4816-A0AF-3AB077B9427E}.Release|Any CPU.ActiveCfg = Release|Any CPU
		{B489BDC4-EC18-4816-A0AF-3AB077B9427E}.Release|Any CPU.Build.0 = Release|Any CPU
		{6CDFFEB5-07ED-445E-B318-47EB7DA5A7E4}.Debug|Any CPU.ActiveCfg = Debug|Any CPU
		{6CDFFEB5-07ED-445E-B318-47EB7DA5A7E4}.Debug|Any CPU.Build.0 = Debug|Any CPU
		{6CDFFEB5-07ED-445E-B318-47EB7DA5A7E4}.Release|Any CPU.ActiveCfg = Release|Any CPU
		{6CDFFEB5-07ED-445E-B318-47EB7DA5A7E4}.Release|Any CPU.Build.0 = Release|Any CPU
		{2A402D17-EDC9-49C9-9599-C95FD1666703}.Debug|Any CPU.ActiveCfg = Debug|Any CPU
		{2A402D17-EDC9-49C9-9599-C95FD1666703}.Debug|Any CPU.Build.0 = Debug|Any CPU
		{2A402D17-EDC9-49C9-9599-C95FD1666703}.Release|Any CPU.ActiveCfg = Release|Any CPU
		{2A402D17-EDC9-49C9-9599-C95FD1666703}.Release|Any CPU.Build.0 = Release|Any CPU
		{791905DD-2326-47DB-9819-F0A91AADBCD3}.Debug|Any CPU.ActiveCfg = Debug|Any CPU
		{791905DD-2326-47DB-9819-F0A91AADBCD3}.Debug|Any CPU.Build.0 = Debug|Any CPU
		{791905DD-2326-47DB-9819-F0A91AADBCD3}.Release|Any CPU.ActiveCfg = Release|Any CPU
		{791905DD-2326-47DB-9819-F0A91AADBCD3}.Release|Any CPU.Build.0 = Release|Any CPU
		{A6BABE0B-6FC6-4BA8-A1B8-8265BDAEDCD6}.Debug|Any CPU.ActiveCfg = Debug|Any CPU
		{A6BABE0B-6FC6-4BA8-A1B8-8265BDAEDCD6}.Debug|Any CPU.Build.0 = Debug|Any CPU
		{A6BABE0B-6FC6-4BA8-A1B8-8265BDAEDCD6}.Release|Any CPU.ActiveCfg = Release|Any CPU
		{A6BABE0B-6FC6-4BA8-A1B8-8265BDAEDCD6}.Release|Any CPU.Build.0 = Release|Any CPU
	EndGlobalSection
	GlobalSection(NestedProjects) = preSolution
		{AA305599-F3A6-4D2A-A7E9-7B2B0501F6E8} = {40C7D322-800E-4047-AB89-63EE887CC558}
		{B489BDC4-EC18-4816-A0AF-3AB077B9427E} = {40C7D322-800E-4047-AB89-63EE887CC558}
		{6CDFFEB5-07ED-445E-B318-47EB7DA5A7E4} = {40C7D322-800E-4047-AB89-63EE887CC558}
		{2A402D17-EDC9-49C9-9599-C95FD1666703} = {40C7D322-800E-4047-AB89-63EE887CC558}
		{791905DD-2326-47DB-9819-F0A91AADBCD3} = {40C7D322-800E-4047-AB89-63EE887CC558}
		{A6BABE0B-6FC6-4BA8-A1B8-8265BDAEDCD6} = {40C7D322-800E-4047-AB89-63EE887CC558}
	EndGlobalSection
EndGlobal
